
Microsoft Visual Studio Solution File, Format Version 12.00
# Visual Studio Version 16
VisualStudioVersion = 16.0.32802.440
MinimumVisualStudioVersion = 10.0.40219.1
Project("{FAE04EC0-301F-11D3-BF4B-00C04F79EFBC}") = "Lessons4", "Lessons4\Lessons4.csproj", "{96909B6B-AB69-4580-A62D-E882449954EF}"
EndProject
Global
	GlobalSection(SolutionConfigurationPlatforms) = preSolution
		Debug|Any CPU = Debug|Any CPU
		Release|Any CPU = Release|Any CPU
	EndGlobalSection
	GlobalSection(ProjectConfigurationPlatforms) = postSolution
		{96909B6B-AB69-4580-A62D-E882449954EF}.Debug|Any CPU.ActiveCfg = Debug|Any CPU
		{96909B6B-AB69-4580-A62D-E882449954EF}.Debug|Any CPU.Build.0 = Debug|Any CPU
		{96909B6B-AB69-4580-A62D-E882449954EF}.Release|Any CPU.ActiveCfg = Release|Any CPU
		{96909B6B-AB69-4580-A62D-E882449954EF}.Release|Any CPU.Build.0 = Release|Any CPU
	EndGlobalSection
	GlobalSection(SolutionProperties) = preSolution
		HideSolutionNode = FALSE
	EndGlobalSection
	GlobalSection(ExtensibilityGlobals) = postSolution
		SolutionGuid = {1E6CE936-F09F-43B4-8209-D4737A0B965E}
	EndGlobalSection
EndGlobal
