
Microsoft Visual Studio Solution File, Format Version 12.00
# Visual Studio Version 16
VisualStudioVersion = 16.0.32802.440
MinimumVisualStudioVersion = 10.0.40219.1
Project("{FAE04EC0-301F-11D3-BF4B-00C04F79EFBC}") = "Figures", "Figures\Figures.csproj", "{051FEE19-CCBE-4378-82C8-86BFA5B24F1D}"
EndProject
Global
	GlobalSection(SolutionConfigurationPlatforms) = preSolution
		Debug|Any CPU = Debug|Any CPU
		Release|Any CPU = Release|Any CPU
	EndGlobalSection
	GlobalSection(ProjectConfigurationPlatforms) = postSolution
		{051FEE19-CCBE-4378-82C8-86BFA5B24F1D}.Debug|Any CPU.ActiveCfg = Debug|Any CPU
		{051FEE19-CCBE-4378-82C8-86BFA5B24F1D}.Debug|Any CPU.Build.0 = Debug|Any CPU
		{051FEE19-CCBE-4378-82C8-86BFA5B24F1D}.Release|Any CPU.ActiveCfg = Release|Any CPU
		{051FEE19-CCBE-4378-82C8-86BFA5B24F1D}.Release|Any CPU.Build.0 = Release|Any CPU
	EndGlobalSection
	GlobalSection(SolutionProperties) = preSolution
		HideSolutionNode = FALSE
	EndGlobalSection
	GlobalSection(ExtensibilityGlobals) = postSolution
		SolutionGuid = {5A4B2E7D-540C-4AA4-893C-93981AC8339D}
	EndGlobalSection
EndGlobal
